
Microsoft Visual Studio Solution File, Format Version 12.00
# Visual Studio Version 16
VisualStudioVersion = 16.0.31129.286
MinimumVisualStudioVersion = 10.0.40219.1
Project("{8BC9CEB8-8B4A-11D0-8D11-00A0C91BC942}") = "Basic_Cpp", "Basic_Cpp\Basic_Cpp.vcxproj", "{C810D057-DDF5-478C-8BEC-017D7F444256}"
EndProject
Project("{8BC9CEB8-8B4A-11D0-8D11-00A0C91BC942}") = "TextRPG", "TextRPG\TextRPG.vcxproj", "{7666216A-BDC8-44FD-93B5-291647768DD3}"
EndProject
Project("{8BC9CEB8-8B4A-11D0-8D11-00A0C91BC942}") = "PointerPractice", "PointerPractice\PointerPractice.vcxproj", "{6CF28245-1E5A-4FB1-82E9-80C0ACE4765D}"
EndProject
Project("{8BC9CEB8-8B4A-11D0-8D11-00A0C91BC942}") = "ObjectOrientedCpp", "ObjectOrientedCpp\ObjectOrientedCpp.vcxproj", "{4F34216D-DD96-44EA-AAF4-6C317205F436}"
EndProject
Project("{8BC9CEB8-8B4A-11D0-8D11-00A0C91BC942}") = "MemoryAlloc", "MemoryAlloc\MemoryAlloc.vcxproj", "{96A72800-F1C6-4088-9A7A-2E271B727753}"
EndProject
Project("{8BC9CEB8-8B4A-11D0-8D11-00A0C91BC942}") = "DeepCopy", "DeepCopy\DeepCopy.vcxproj", "{F06EC6C4-973B-4A42-8AE3-6F63C43C34FC}"
EndProject
Project("{8BC9CEB8-8B4A-11D0-8D11-00A0C91BC942}") = "Forward_Declaration", "Forward_Declaration\Forward_Declaration.vcxproj", "{8497DE08-A039-4BFC-A434-0074F1F6F59B}"
EndProject
Project("{8BC9CEB8-8B4A-11D0-8D11-00A0C91BC942}") = "DebugTest", "DebugTest\DebugTest.vcxproj", "{7F8F8381-D408-4E72-97AA-241FFF15AEE3}"
EndProject
Project("{8BC9CEB8-8B4A-11D0-8D11-00A0C91BC942}") = "vector", "vector\vector.vcxproj", "{8E321200-EA76-4AB3-BF80-6F9329DF8BDC}"
EndProject
Project("{8BC9CEB8-8B4A-11D0-8D11-00A0C91BC942}") = "list", "list\list.vcxproj", "{17A90598-C315-4764-8BFE-E194C015C8BE}"
EndProject
Project("{8BC9CEB8-8B4A-11D0-8D11-00A0C91BC942}") = "STL_practice", "STL_practice\STL_practice.vcxproj", "{AD9AEC96-06F3-4B7E-923B-FCB179B2A9F9}"
EndProject
Global
	GlobalSection(SolutionConfigurationPlatforms) = preSolution
		Debug|x64 = Debug|x64
		Debug|x86 = Debug|x86
		Release|x64 = Release|x64
		Release|x86 = Release|x86
	EndGlobalSection
	GlobalSection(ProjectConfigurationPlatforms) = postSolution
		{C810D057-DDF5-478C-8BEC-017D7F444256}.Debug|x64.ActiveCfg = Debug|x64
		{C810D057-DDF5-478C-8BEC-017D7F444256}.Debug|x86.ActiveCfg = Debug|Win32
		{C810D057-DDF5-478C-8BEC-017D7F444256}.Debug|x86.Build.0 = Debug|Win32
		{C810D057-DDF5-478C-8BEC-017D7F444256}.Release|x64.ActiveCfg = Release|x64
		{C810D057-DDF5-478C-8BEC-017D7F444256}.Release|x64.Build.0 = Release|x64
		{C810D057-DDF5-478C-8BEC-017D7F444256}.Release|x86.ActiveCfg = Release|Win32
		{C810D057-DDF5-478C-8BEC-017D7F444256}.Release|x86.Build.0 = Release|Win32
		{7666216A-BDC8-44FD-93B5-291647768DD3}.Debug|x64.ActiveCfg = Debug|x64
		{7666216A-BDC8-44FD-93B5-291647768DD3}.Debug|x86.ActiveCfg = Debug|Win32
		{7666216A-BDC8-44FD-93B5-291647768DD3}.Debug|x86.Build.0 = Debug|Win32
		{7666216A-BDC8-44FD-93B5-291647768DD3}.Release|x64.ActiveCfg = Release|x64
		{7666216A-BDC8-44FD-93B5-291647768DD3}.Release|x64.Build.0 = Release|x64
		{7666216A-BDC8-44FD-93B5-291647768DD3}.Release|x86.ActiveCfg = Release|Win32
		{7666216A-BDC8-44FD-93B5-291647768DD3}.Release|x86.Build.0 = Release|Win32
		{6CF28245-1E5A-4FB1-82E9-80C0ACE4765D}.Debug|x64.ActiveCfg = Debug|x64
		{6CF28245-1E5A-4FB1-82E9-80C0ACE4765D}.Debug|x86.ActiveCfg = Debug|Win32
		{6CF28245-1E5A-4FB1-82E9-80C0ACE4765D}.Debug|x86.Build.0 = Debug|Win32
		{6CF28245-1E5A-4FB1-82E9-80C0ACE4765D}.Release|x64.ActiveCfg = Release|x64
		{6CF28245-1E5A-4FB1-82E9-80C0ACE4765D}.Release|x64.Build.0 = Release|x64
		{6CF28245-1E5A-4FB1-82E9-80C0ACE4765D}.Release|x86.ActiveCfg = Release|Win32
		{6CF28245-1E5A-4FB1-82E9-80C0ACE4765D}.Release|x86.Build.0 = Release|Win32
		{4F34216D-DD96-44EA-AAF4-6C317205F436}.Debug|x64.ActiveCfg = Debug|x64
		{4F34216D-DD96-44EA-AAF4-6C317205F436}.Debug|x86.ActiveCfg = Debug|Win32
		{4F34216D-DD96-44EA-AAF4-6C317205F436}.Debug|x86.Build.0 = Debug|Win32
		{4F34216D-DD96-44EA-AAF4-6C317205F436}.Release|x64.ActiveCfg = Release|x64
		{4F34216D-DD96-44EA-AAF4-6C317205F436}.Release|x64.Build.0 = Release|x64
		{4F34216D-DD96-44EA-AAF4-6C317205F436}.Release|x86.ActiveCfg = Release|Win32
		{4F34216D-DD96-44EA-AAF4-6C317205F436}.Release|x86.Build.0 = Release|Win32
		{96A72800-F1C6-4088-9A7A-2E271B727753}.Debug|x64.ActiveCfg = Debug|x64
		{96A72800-F1C6-4088-9A7A-2E271B727753}.Debug|x86.ActiveCfg = Debug|Win32
		{96A72800-F1C6-4088-9A7A-2E271B727753}.Debug|x86.Build.0 = Debug|Win32
		{96A72800-F1C6-4088-9A7A-2E271B727753}.Release|x64.ActiveCfg = Release|x64
		{96A72800-F1C6-4088-9A7A-2E271B727753}.Release|x64.Build.0 = Release|x64
		{96A72800-F1C6-4088-9A7A-2E271B727753}.Release|x86.ActiveCfg = Release|Win32
		{96A72800-F1C6-4088-9A7A-2E271B727753}.Release|x86.Build.0 = Release|Win32
		{F06EC6C4-973B-4A42-8AE3-6F63C43C34FC}.Debug|x64.ActiveCfg = Debug|x64
		{F06EC6C4-973B-4A42-8AE3-6F63C43C34FC}.Debug|x86.ActiveCfg = Debug|Win32
		{F06EC6C4-973B-4A42-8AE3-6F63C43C34FC}.Debug|x86.Build.0 = Debug|Win32
		{F06EC6C4-973B-4A42-8AE3-6F63C43C34FC}.Release|x64.ActiveCfg = Release|x64
		{F06EC6C4-973B-4A42-8AE3-6F63C43C34FC}.Release|x64.Build.0 = Release|x64
		{F06EC6C4-973B-4A42-8AE3-6F63C43C34FC}.Release|x86.ActiveCfg = Release|Win32
		{F06EC6C4-973B-4A42-8AE3-6F63C43C34FC}.Release|x86.Build.0 = Release|Win32
		{8497DE08-A039-4BFC-A434-0074F1F6F59B}.Debug|x64.ActiveCfg = Debug|x64
		{8497DE08-A039-4BFC-A434-0074F1F6F59B}.Debug|x86.ActiveCfg = Debug|Win32
		{8497DE08-A039-4BFC-A434-0074F1F6F59B}.Debug|x86.Build.0 = Debug|Win32
		{8497DE08-A039-4BFC-A434-0074F1F6F59B}.Release|x64.ActiveCfg = Release|x64
		{8497DE08-A039-4BFC-A434-0074F1F6F59B}.Release|x64.Build.0 = Release|x64
		{8497DE08-A039-4BFC-A434-0074F1F6F59B}.Release|x86.ActiveCfg = Release|Win32
		{8497DE08-A039-4BFC-A434-0074F1F6F59B}.Release|x86.Build.0 = Release|Win32
		{7F8F8381-D408-4E72-97AA-241FFF15AEE3}.Debug|x64.ActiveCfg = Debug|x64
		{7F8F8381-D408-4E72-97AA-241FFF15AEE3}.Debug|x86.ActiveCfg = Debug|Win32
		{7F8F8381-D408-4E72-97AA-241FFF15AEE3}.Debug|x86.Build.0 = Debug|Win32
		{7F8F8381-D408-4E72-97AA-241FFF15AEE3}.Release|x64.ActiveCfg = Release|x64
		{7F8F8381-D408-4E72-97AA-241FFF15AEE3}.Release|x64.Build.0 = Release|x64
		{7F8F8381-D408-4E72-97AA-241FFF15AEE3}.Release|x86.ActiveCfg = Release|Win32
		{7F8F8381-D408-4E72-97AA-241FFF15AEE3}.Release|x86.Build.0 = Release|Win32
		{8E321200-EA76-4AB3-BF80-6F9329DF8BDC}.Debug|x64.ActiveCfg = Debug|x64
		{8E321200-EA76-4AB3-BF80-6F9329DF8BDC}.Debug|x86.ActiveCfg = Debug|Win32
		{8E321200-EA76-4AB3-BF80-6F9329DF8BDC}.Debug|x86.Build.0 = Debug|Win32
		{8E321200-EA76-4AB3-BF80-6F9329DF8BDC}.Release|x64.ActiveCfg = Release|x64
		{8E321200-EA76-4AB3-BF80-6F9329DF8BDC}.Release|x64.Build.0 = Release|x64
		{8E321200-EA76-4AB3-BF80-6F9329DF8BDC}.Release|x86.ActiveCfg = Release|Win32
		{8E321200-EA76-4AB3-BF80-6F9329DF8BDC}.Release|x86.Build.0 = Release|Win32
		{17A90598-C315-4764-8BFE-E194C015C8BE}.Debug|x64.ActiveCfg = Debug|x64
		{17A90598-C315-4764-8BFE-E194C015C8BE}.Debug|x86.ActiveCfg = Debug|Win32
		{17A90598-C315-4764-8BFE-E194C015C8BE}.Debug|x86.Build.0 = Debug|Win32
		{17A90598-C315-4764-8BFE-E194C015C8BE}.Release|x64.ActiveCfg = Release|x64
		{17A90598-C315-4764-8BFE-E194C015C8BE}.Release|x64.Build.0 = Release|x64
		{17A90598-C315-4764-8BFE-E194C015C8BE}.Release|x86.ActiveCfg = Release|Win32
		{17A90598-C315-4764-8BFE-E194C015C8BE}.Release|x86.Build.0 = Release|Win32
		{AD9AEC96-06F3-4B7E-923B-FCB179B2A9F9}.Debug|x64.ActiveCfg = Debug|x64
		{AD9AEC96-06F3-4B7E-923B-FCB179B2A9F9}.Debug|x64.Build.0 = Debug|x64
		{AD9AEC96-06F3-4B7E-923B-FCB179B2A9F9}.Debug|x86.ActiveCfg = Debug|Win32
		{AD9AEC96-06F3-4B7E-923B-FCB179B2A9F9}.Debug|x86.Build.0 = Debug|Win32
		{AD9AEC96-06F3-4B7E-923B-FCB179B2A9F9}.Release|x64.ActiveCfg = Release|x64
		{AD9AEC96-06F3-4B7E-923B-FCB179B2A9F9}.Release|x64.Build.0 = Release|x64
		{AD9AEC96-06F3-4B7E-923B-FCB179B2A9F9}.Release|x86.ActiveCfg = Release|Win32
		{AD9AEC96-06F3-4B7E-923B-FCB179B2A9F9}.Release|x86.Build.0 = Release|Win32
	EndGlobalSection
	GlobalSection(SolutionProperties) = preSolution
		HideSolutionNode = FALSE
	EndGlobalSection
	GlobalSection(ExtensibilityGlobals) = postSolution
		SolutionGuid = {DD31A6BE-E0C2-405E-86EC-14A70E53A6C5}
	EndGlobalSection
EndGlobal
