
Microsoft Visual Studio Solution File, Format Version 12.00
# Visual Studio Version 16
VisualStudioVersion = 16.0.31129.286
MinimumVisualStudioVersion = 10.0.40219.1
Project("{FAE04EC0-301F-11D3-BF4B-00C04F79EFBC}") = "Algorithm", "Algorithm.csproj", "{83201742-5C5B-40D9-AE91-9621E1FF85F4}"
EndProject
Global
	GlobalSection(SolutionConfigurationPlatforms) = preSolution
		Debug|Any CPU = Debug|Any CPU
		Release|Any CPU = Release|Any CPU
	EndGlobalSection
	GlobalSection(ProjectConfigurationPlatforms) = postSolution
		{83201742-5C5B-40D9-AE91-9621E1FF85F4}.Debug|Any CPU.ActiveCfg = Debug|Any CPU
		{83201742-5C5B-40D9-AE91-9621E1FF85F4}.Debug|Any CPU.Build.0 = Debug|Any CPU
		{83201742-5C5B-40D9-AE91-9621E1FF85F4}.Release|Any CPU.ActiveCfg = Release|Any CPU
		{83201742-5C5B-40D9-AE91-9621E1FF85F4}.Release|Any CPU.Build.0 = Release|Any CPU
	EndGlobalSection
	GlobalSection(SolutionProperties) = preSolution
		HideSolutionNode = FALSE
	EndGlobalSection
	GlobalSection(ExtensibilityGlobals) = postSolution
		SolutionGuid = {EF5ABC4B-3590-49CF-8022-CD8A4B135C6D}
	EndGlobalSection
EndGlobal
